
Microsoft Visual Studio Solution File, Format Version 12.00
# Visual Studio Version 17
VisualStudioVersion = 17.2.32616.157
MinimumVisualStudioVersion = 10.0.40219.1
Project("{2150E333-8FDC-42A3-9474-1A3956D46DE8}") = "Services", "Services", "{D0D060EF-B314-4101-ACE8-39436C8C9777}"
EndProject
Project("{2150E333-8FDC-42A3-9474-1A3956D46DE8}") = "Catalog", "Catalog", "{E3B93293-4F0F-4392-B004-F786AA4E42D0}"
EndProject
Project("{FAE04EC0-301F-11D3-BF4B-00C04F79EFBC}") = "Catalog.API", "Services\Catalog\Catalog.API\Catalog.API.csproj", "{7148F702-FFE8-463D-AD32-8D21C403C442}"
EndProject
Global
	GlobalSection(SolutionConfigurationPlatforms) = preSolution
		Debug|Any CPU = Debug|Any CPU
		Release|Any CPU = Release|Any CPU
	EndGlobalSection
	GlobalSection(ProjectConfigurationPlatforms) = postSolution
		{7148F702-FFE8-463D-AD32-8D21C403C442}.Debug|Any CPU.ActiveCfg = Debug|Any CPU
		{7148F702-FFE8-463D-AD32-8D21C403C442}.Debug|Any CPU.Build.0 = Debug|Any CPU
		{7148F702-FFE8-463D-AD32-8D21C403C442}.Release|Any CPU.ActiveCfg = Release|Any CPU
		{7148F702-FFE8-463D-AD32-8D21C403C442}.Release|Any CPU.Build.0 = Release|Any CPU
	EndGlobalSection
	GlobalSection(SolutionProperties) = preSolution
		HideSolutionNode = FALSE
	EndGlobalSection
	GlobalSection(NestedProjects) = preSolution
		{E3B93293-4F0F-4392-B004-F786AA4E42D0} = {D0D060EF-B314-4101-ACE8-39436C8C9777}
		{7148F702-FFE8-463D-AD32-8D21C403C442} = {E3B93293-4F0F-4392-B004-F786AA4E42D0}
	EndGlobalSection
	GlobalSection(ExtensibilityGlobals) = postSolution
		SolutionGuid = {620D63AA-35E5-4EB4-B43B-43DEA8BC2FFA}
	EndGlobalSection
EndGlobal
